
Microsoft Visual Studio Solution File, Format Version 12.00
# Visual Studio Version 17
VisualStudioVersion = 17.10.35013.160
MinimumVisualStudioVersion = 10.0.40219.1
Project("{F184B08F-C81C-45F6-A57F-5ABD9991F28F}") = "stationery", "stationery\stationery.vbproj", "{05472053-BE8F-4989-9BCB-05FCC666723D}"
EndProject
Global
	GlobalSection(SolutionConfigurationPlatforms) = preSolution
		Debug|Any CPU = Debug|Any CPU
		Release|Any CPU = Release|Any CPU
	EndGlobalSection
	GlobalSection(ProjectConfigurationPlatforms) = postSolution
		{05472053-BE8F-4989-9BCB-05FCC666723D}.Debug|Any CPU.ActiveCfg = Debug|Any CPU
		{05472053-BE8F-4989-9BCB-05FCC666723D}.Debug|Any CPU.Build.0 = Debug|Any CPU
		{05472053-BE8F-4989-9BCB-05FCC666723D}.Release|Any CPU.ActiveCfg = Release|Any CPU
		{05472053-BE8F-4989-9BCB-05FCC666723D}.Release|Any CPU.Build.0 = Release|Any CPU
	EndGlobalSection
	GlobalSection(SolutionProperties) = preSolution
		HideSolutionNode = FALSE
	EndGlobalSection
	GlobalSection(ExtensibilityGlobals) = postSolution
		SolutionGuid = {8F78DAAA-D85C-4D15-A277-72FECE27BB14}
	EndGlobalSection
EndGlobal
